
Microsoft Visual Studio Solution File, Format Version 12.00
# Visual Studio 2013
VisualStudioVersion = 12.0.30324.0
MinimumVisualStudioVersion = 10.0.40219.1
Project("{FAE04EC0-301F-11D3-BF4B-00C04F79EFBC}") = "Common", "Common\Common.csproj", "{35B7497D-EF2C-4329-8FE8-440CF8833FD3}"
EndProject
Project("{FAE04EC0-301F-11D3-BF4B-00C04F79EFBC}") = "Domain", "Domain\Domain.csproj", "{D0094ED2-7C55-4954-AD09-F51CBBC9A6C6}"
EndProject
Project("{2150E333-8FDC-42A3-9474-1A3956D46DE8}") = ".nuget", ".nuget", "{5A88D19A-2B86-4884-B881-D7639A5EA6A6}"
	ProjectSection(SolutionItems) = preProject
		.nuget\NuGet.Config = .nuget\NuGet.Config
		.nuget\NuGet.exe = .nuget\NuGet.exe
		.nuget\NuGet.targets = .nuget\NuGet.targets
	EndProjectSection
EndProject
Project("{FAE04EC0-301F-11D3-BF4B-00C04F79EFBC}") = "Web.Api.IntegrationTests", "Web.Api.IntegrationTests\Web.Api.IntegrationTests.csproj", "{DD9E342F-D7CC-4704-91B4-59D1B4C92F92}"
EndProject
Project("{E24C65DC-7377-472B-9ABA-BC803B73C61A}") = "Web.App", "http://localhost:54911", "{549FB728-3ABD-4562-A57F-5CFB86F45D92}"
	ProjectSection(WebsiteProperties) = preProject
		UseIISExpress = "true"
		TargetFrameworkMoniker = ".NETFramework,Version%3Dv4.5.1"
		Debug.AspNetCompiler.VirtualPath = "/localhost_54911"
		Debug.AspNetCompiler.PhysicalPath = "Web.App\"
		Debug.AspNetCompiler.TargetPath = "PrecompiledWeb\localhost_54911\"
		Debug.AspNetCompiler.Updateable = "false"
		Debug.AspNetCompiler.ForceOverwrite = "true"
		Debug.AspNetCompiler.FixedNames = "false"
		Debug.AspNetCompiler.Debug = "True"
		Release.AspNetCompiler.VirtualPath = "/localhost_54911"
		Release.AspNetCompiler.PhysicalPath = "Web.App\"
		Release.AspNetCompiler.TargetPath = "PrecompiledWeb\localhost_54911\"
		Release.AspNetCompiler.Updateable = "false"
		Release.AspNetCompiler.ForceOverwrite = "true"
		Release.AspNetCompiler.FixedNames = "false"
		Release.AspNetCompiler.Debug = "False"
		SlnRelativePath = "Web.App\"
		DefaultWebSiteLanguage = "Visual C#"
	EndProjectSection
EndProject
Project("{FAE04EC0-301F-11D3-BF4B-00C04F79EFBC}") = "Web.Api", "Web.Api\Web.Api.csproj", "{10F692CF-164F-48F6-A6A0-147DE9E917B6}"
EndProject
Project("{FAE04EC0-301F-11D3-BF4B-00C04F79EFBC}") = "Domain.Identity", "Domain.Identity\Domain.Identity.csproj", "{86E621A4-FEC1-40BA-BCAD-D9DA5BF8AE2B}"
EndProject
Project("{FAE04EC0-301F-11D3-BF4B-00C04F79EFBC}") = "Web.App.IntegrationTests", "Web.App.IntegrationTests\Web.App.IntegrationTests.csproj", "{FF760370-B6C3-4C0C-BC89-8B593C5DDB10}"
EndProject
Project("{2150E333-8FDC-42A3-9474-1A3956D46DE8}") = "Tests", "Tests", "{B4547435-1D77-4A4A-978D-F1A8E04609CE}"
EndProject
Project("{E24C65DC-7377-472B-9ABA-BC803B73C61A}") = "Chrome.App", "http://localhost:64117", "{6EB44AE2-E12E-4AB1-85E0-A97E0AE5741E}"
	ProjectSection(WebsiteProperties) = preProject
		UseIISExpress = "true"
		TargetFrameworkMoniker = ".NETFramework,Version%3Dv4.0"
		Debug.AspNetCompiler.VirtualPath = "/localhost_64117"
		Debug.AspNetCompiler.PhysicalPath = "Chrome.App\"
		Debug.AspNetCompiler.TargetPath = "PrecompiledWeb\localhost_64117\"
		Debug.AspNetCompiler.Updateable = "true"
		Debug.AspNetCompiler.ForceOverwrite = "true"
		Debug.AspNetCompiler.FixedNames = "false"
		Debug.AspNetCompiler.Debug = "True"
		Release.AspNetCompiler.VirtualPath = "/localhost_64117"
		Release.AspNetCompiler.PhysicalPath = "Chrome.App\"
		Release.AspNetCompiler.TargetPath = "PrecompiledWeb\localhost_64117\"
		Release.AspNetCompiler.Updateable = "true"
		Release.AspNetCompiler.ForceOverwrite = "true"
		Release.AspNetCompiler.FixedNames = "false"
		Release.AspNetCompiler.Debug = "False"
		SlnRelativePath = "Chrome.App\"
	EndProjectSection
EndProject
Project("{2150E333-8FDC-42A3-9474-1A3956D46DE8}") = "Apps", "Apps", "{F9C3AE0D-8322-4C55-BF84-DF03480251F3}"
EndProject
Project("{2150E333-8FDC-42A3-9474-1A3956D46DE8}") = "API", "API", "{FA77BAC9-B571-4422-9CA6-CD8F4BE5774D}"
EndProject
Project("{FAE04EC0-301F-11D3-BF4B-00C04F79EFBC}") = "Web.Api2.UnitTests", "Web.Api2.UnitTests\Web.Api2.UnitTests.csproj", "{6FA4BD5B-A7A1-48A5-8E07-F5A1C990DF79}"
EndProject
Global
	GlobalSection(SolutionConfigurationPlatforms) = preSolution
		Azure|Any CPU = Azure|Any CPU
		AzureDev|Any CPU = AzureDev|Any CPU
		AzureProd|Any CPU = AzureProd|Any CPU
		Debug|Any CPU = Debug|Any CPU
		Release|Any CPU = Release|Any CPU
	EndGlobalSection
	GlobalSection(ProjectConfigurationPlatforms) = postSolution
		{35B7497D-EF2C-4329-8FE8-440CF8833FD3}.Azure|Any CPU.ActiveCfg = Azure|Any CPU
		{35B7497D-EF2C-4329-8FE8-440CF8833FD3}.Azure|Any CPU.Build.0 = Azure|Any CPU
		{35B7497D-EF2C-4329-8FE8-440CF8833FD3}.AzureDev|Any CPU.ActiveCfg = AzureDev|Any CPU
		{35B7497D-EF2C-4329-8FE8-440CF8833FD3}.AzureDev|Any CPU.Build.0 = AzureDev|Any CPU
		{35B7497D-EF2C-4329-8FE8-440CF8833FD3}.AzureProd|Any CPU.ActiveCfg = AzureProd|Any CPU
		{35B7497D-EF2C-4329-8FE8-440CF8833FD3}.AzureProd|Any CPU.Build.0 = AzureProd|Any CPU
		{35B7497D-EF2C-4329-8FE8-440CF8833FD3}.Debug|Any CPU.ActiveCfg = Debug|Any CPU
		{35B7497D-EF2C-4329-8FE8-440CF8833FD3}.Debug|Any CPU.Build.0 = Debug|Any CPU
		{35B7497D-EF2C-4329-8FE8-440CF8833FD3}.Release|Any CPU.ActiveCfg = Release|Any CPU
		{35B7497D-EF2C-4329-8FE8-440CF8833FD3}.Release|Any CPU.Build.0 = Release|Any CPU
		{D0094ED2-7C55-4954-AD09-F51CBBC9A6C6}.Azure|Any CPU.ActiveCfg = Azure|Any CPU
		{D0094ED2-7C55-4954-AD09-F51CBBC9A6C6}.Azure|Any CPU.Build.0 = Azure|Any CPU
		{D0094ED2-7C55-4954-AD09-F51CBBC9A6C6}.AzureDev|Any CPU.ActiveCfg = AzureDev|Any CPU
		{D0094ED2-7C55-4954-AD09-F51CBBC9A6C6}.AzureDev|Any CPU.Build.0 = AzureDev|Any CPU
		{D0094ED2-7C55-4954-AD09-F51CBBC9A6C6}.AzureProd|Any CPU.ActiveCfg = AzureProd|Any CPU
		{D0094ED2-7C55-4954-AD09-F51CBBC9A6C6}.AzureProd|Any CPU.Build.0 = AzureProd|Any CPU
		{D0094ED2-7C55-4954-AD09-F51CBBC9A6C6}.Debug|Any CPU.ActiveCfg = Debug|Any CPU
		{D0094ED2-7C55-4954-AD09-F51CBBC9A6C6}.Debug|Any CPU.Build.0 = Debug|Any CPU
		{D0094ED2-7C55-4954-AD09-F51CBBC9A6C6}.Release|Any CPU.ActiveCfg = Release|Any CPU
		{D0094ED2-7C55-4954-AD09-F51CBBC9A6C6}.Release|Any CPU.Build.0 = Release|Any CPU
		{DD9E342F-D7CC-4704-91B4-59D1B4C92F92}.Azure|Any CPU.ActiveCfg = Azure|Any CPU
		{DD9E342F-D7CC-4704-91B4-59D1B4C92F92}.Azure|Any CPU.Build.0 = Azure|Any CPU
		{DD9E342F-D7CC-4704-91B4-59D1B4C92F92}.AzureDev|Any CPU.ActiveCfg = AzureDev|Any CPU
		{DD9E342F-D7CC-4704-91B4-59D1B4C92F92}.AzureDev|Any CPU.Build.0 = AzureDev|Any CPU
		{DD9E342F-D7CC-4704-91B4-59D1B4C92F92}.AzureProd|Any CPU.ActiveCfg = AzureProd|Any CPU
		{DD9E342F-D7CC-4704-91B4-59D1B4C92F92}.AzureProd|Any CPU.Build.0 = AzureProd|Any CPU
		{DD9E342F-D7CC-4704-91B4-59D1B4C92F92}.Debug|Any CPU.ActiveCfg = Debug|Any CPU
		{DD9E342F-D7CC-4704-91B4-59D1B4C92F92}.Debug|Any CPU.Build.0 = Debug|Any CPU
		{DD9E342F-D7CC-4704-91B4-59D1B4C92F92}.Release|Any CPU.ActiveCfg = Release|Any CPU
		{DD9E342F-D7CC-4704-91B4-59D1B4C92F92}.Release|Any CPU.Build.0 = Release|Any CPU
		{549FB728-3ABD-4562-A57F-5CFB86F45D92}.Azure|Any CPU.ActiveCfg = Debug|Any CPU
		{549FB728-3ABD-4562-A57F-5CFB86F45D92}.Azure|Any CPU.Build.0 = Debug|Any CPU
		{549FB728-3ABD-4562-A57F-5CFB86F45D92}.AzureDev|Any CPU.ActiveCfg = Debug|Any CPU
		{549FB728-3ABD-4562-A57F-5CFB86F45D92}.AzureDev|Any CPU.Build.0 = Debug|Any CPU
		{549FB728-3ABD-4562-A57F-5CFB86F45D92}.AzureProd|Any CPU.ActiveCfg = Debug|Any CPU
		{549FB728-3ABD-4562-A57F-5CFB86F45D92}.AzureProd|Any CPU.Build.0 = Debug|Any CPU
		{549FB728-3ABD-4562-A57F-5CFB86F45D92}.Debug|Any CPU.ActiveCfg = Debug|Any CPU
		{549FB728-3ABD-4562-A57F-5CFB86F45D92}.Debug|Any CPU.Build.0 = Debug|Any CPU
		{549FB728-3ABD-4562-A57F-5CFB86F45D92}.Release|Any CPU.ActiveCfg = Debug|Any CPU
		{549FB728-3ABD-4562-A57F-5CFB86F45D92}.Release|Any CPU.Build.0 = Debug|Any CPU
		{10F692CF-164F-48F6-A6A0-147DE9E917B6}.Azure|Any CPU.ActiveCfg = Azure|Any CPU
		{10F692CF-164F-48F6-A6A0-147DE9E917B6}.Azure|Any CPU.Build.0 = Azure|Any CPU
		{10F692CF-164F-48F6-A6A0-147DE9E917B6}.AzureDev|Any CPU.ActiveCfg = AzureDev|Any CPU
		{10F692CF-164F-48F6-A6A0-147DE9E917B6}.AzureDev|Any CPU.Build.0 = AzureDev|Any CPU
		{10F692CF-164F-48F6-A6A0-147DE9E917B6}.AzureProd|Any CPU.ActiveCfg = AzureProd|Any CPU
		{10F692CF-164F-48F6-A6A0-147DE9E917B6}.AzureProd|Any CPU.Build.0 = AzureProd|Any CPU
		{10F692CF-164F-48F6-A6A0-147DE9E917B6}.Debug|Any CPU.ActiveCfg = Debug|Any CPU
		{10F692CF-164F-48F6-A6A0-147DE9E917B6}.Debug|Any CPU.Build.0 = Debug|Any CPU
		{10F692CF-164F-48F6-A6A0-147DE9E917B6}.Release|Any CPU.ActiveCfg = Release|Any CPU
		{10F692CF-164F-48F6-A6A0-147DE9E917B6}.Release|Any CPU.Build.0 = Release|Any CPU
		{86E621A4-FEC1-40BA-BCAD-D9DA5BF8AE2B}.Azure|Any CPU.ActiveCfg = Azure|Any CPU
		{86E621A4-FEC1-40BA-BCAD-D9DA5BF8AE2B}.Azure|Any CPU.Build.0 = Azure|Any CPU
		{86E621A4-FEC1-40BA-BCAD-D9DA5BF8AE2B}.AzureDev|Any CPU.ActiveCfg = AzureDev|Any CPU
		{86E621A4-FEC1-40BA-BCAD-D9DA5BF8AE2B}.AzureDev|Any CPU.Build.0 = AzureDev|Any CPU
		{86E621A4-FEC1-40BA-BCAD-D9DA5BF8AE2B}.AzureProd|Any CPU.ActiveCfg = AzureProd|Any CPU
		{86E621A4-FEC1-40BA-BCAD-D9DA5BF8AE2B}.AzureProd|Any CPU.Build.0 = AzureProd|Any CPU
		{86E621A4-FEC1-40BA-BCAD-D9DA5BF8AE2B}.Debug|Any CPU.ActiveCfg = Debug|Any CPU
		{86E621A4-FEC1-40BA-BCAD-D9DA5BF8AE2B}.Debug|Any CPU.Build.0 = Debug|Any CPU
		{86E621A4-FEC1-40BA-BCAD-D9DA5BF8AE2B}.Release|Any CPU.ActiveCfg = Release|Any CPU
		{86E621A4-FEC1-40BA-BCAD-D9DA5BF8AE2B}.Release|Any CPU.Build.0 = Release|Any CPU
		{FF760370-B6C3-4C0C-BC89-8B593C5DDB10}.Azure|Any CPU.ActiveCfg = Release|Any CPU
		{FF760370-B6C3-4C0C-BC89-8B593C5DDB10}.Azure|Any CPU.Build.0 = Release|Any CPU
		{FF760370-B6C3-4C0C-BC89-8B593C5DDB10}.AzureDev|Any CPU.ActiveCfg = Debug|Any CPU
		{FF760370-B6C3-4C0C-BC89-8B593C5DDB10}.AzureDev|Any CPU.Build.0 = Debug|Any CPU
		{FF760370-B6C3-4C0C-BC89-8B593C5DDB10}.AzureProd|Any CPU.ActiveCfg = Debug|Any CPU
		{FF760370-B6C3-4C0C-BC89-8B593C5DDB10}.AzureProd|Any CPU.Build.0 = Debug|Any CPU
		{FF760370-B6C3-4C0C-BC89-8B593C5DDB10}.Debug|Any CPU.ActiveCfg = Debug|Any CPU
		{FF760370-B6C3-4C0C-BC89-8B593C5DDB10}.Debug|Any CPU.Build.0 = Debug|Any CPU
		{FF760370-B6C3-4C0C-BC89-8B593C5DDB10}.Release|Any CPU.ActiveCfg = Release|Any CPU
		{FF760370-B6C3-4C0C-BC89-8B593C5DDB10}.Release|Any CPU.Build.0 = Release|Any CPU
		{6EB44AE2-E12E-4AB1-85E0-A97E0AE5741E}.Azure|Any CPU.ActiveCfg = Debug|Any CPU
		{6EB44AE2-E12E-4AB1-85E0-A97E0AE5741E}.Azure|Any CPU.Build.0 = Debug|Any CPU
		{6EB44AE2-E12E-4AB1-85E0-A97E0AE5741E}.AzureDev|Any CPU.ActiveCfg = Debug|Any CPU
		{6EB44AE2-E12E-4AB1-85E0-A97E0AE5741E}.AzureDev|Any CPU.Build.0 = Debug|Any CPU
		{6EB44AE2-E12E-4AB1-85E0-A97E0AE5741E}.AzureProd|Any CPU.ActiveCfg = Debug|Any CPU
		{6EB44AE2-E12E-4AB1-85E0-A97E0AE5741E}.AzureProd|Any CPU.Build.0 = Debug|Any CPU
		{6EB44AE2-E12E-4AB1-85E0-A97E0AE5741E}.Debug|Any CPU.ActiveCfg = Debug|Any CPU
		{6EB44AE2-E12E-4AB1-85E0-A97E0AE5741E}.Debug|Any CPU.Build.0 = Debug|Any CPU
		{6EB44AE2-E12E-4AB1-85E0-A97E0AE5741E}.Release|Any CPU.ActiveCfg = Debug|Any CPU
		{6EB44AE2-E12E-4AB1-85E0-A97E0AE5741E}.Release|Any CPU.Build.0 = Debug|Any CPU
		{6FA4BD5B-A7A1-48A5-8E07-F5A1C990DF79}.Azure|Any CPU.ActiveCfg = Release|Any CPU
		{6FA4BD5B-A7A1-48A5-8E07-F5A1C990DF79}.Azure|Any CPU.Build.0 = Release|Any CPU
		{6FA4BD5B-A7A1-48A5-8E07-F5A1C990DF79}.AzureDev|Any CPU.ActiveCfg = Release|Any CPU
		{6FA4BD5B-A7A1-48A5-8E07-F5A1C990DF79}.AzureDev|Any CPU.Build.0 = Release|Any CPU
		{6FA4BD5B-A7A1-48A5-8E07-F5A1C990DF79}.AzureProd|Any CPU.ActiveCfg = Release|Any CPU
		{6FA4BD5B-A7A1-48A5-8E07-F5A1C990DF79}.AzureProd|Any CPU.Build.0 = Release|Any CPU
		{6FA4BD5B-A7A1-48A5-8E07-F5A1C990DF79}.Debug|Any CPU.ActiveCfg = Debug|Any CPU
		{6FA4BD5B-A7A1-48A5-8E07-F5A1C990DF79}.Debug|Any CPU.Build.0 = Debug|Any CPU
		{6FA4BD5B-A7A1-48A5-8E07-F5A1C990DF79}.Release|Any CPU.ActiveCfg = Release|Any CPU
		{6FA4BD5B-A7A1-48A5-8E07-F5A1C990DF79}.Release|Any CPU.Build.0 = Release|Any CPU
	EndGlobalSection
	GlobalSection(SolutionProperties) = preSolution
		HideSolutionNode = FALSE
	EndGlobalSection
	GlobalSection(NestedProjects) = preSolution
		{35B7497D-EF2C-4329-8FE8-440CF8833FD3} = {FA77BAC9-B571-4422-9CA6-CD8F4BE5774D}
		{D0094ED2-7C55-4954-AD09-F51CBBC9A6C6} = {FA77BAC9-B571-4422-9CA6-CD8F4BE5774D}
		{DD9E342F-D7CC-4704-91B4-59D1B4C92F92} = {B4547435-1D77-4A4A-978D-F1A8E04609CE}
		{549FB728-3ABD-4562-A57F-5CFB86F45D92} = {F9C3AE0D-8322-4C55-BF84-DF03480251F3}
		{10F692CF-164F-48F6-A6A0-147DE9E917B6} = {FA77BAC9-B571-4422-9CA6-CD8F4BE5774D}
		{86E621A4-FEC1-40BA-BCAD-D9DA5BF8AE2B} = {FA77BAC9-B571-4422-9CA6-CD8F4BE5774D}
		{FF760370-B6C3-4C0C-BC89-8B593C5DDB10} = {B4547435-1D77-4A4A-978D-F1A8E04609CE}
		{6EB44AE2-E12E-4AB1-85E0-A97E0AE5741E} = {F9C3AE0D-8322-4C55-BF84-DF03480251F3}
		{6FA4BD5B-A7A1-48A5-8E07-F5A1C990DF79} = {B4547435-1D77-4A4A-978D-F1A8E04609CE}
	EndGlobalSection
EndGlobal
